// !$*UTF8*$!
{
	archiveVersion = 1;
	classes = {
	};
	objectVersion = 51;
	objects = {

/* Begin PBXBuildFile section */
		73BA385264500C2196708098 /* Pods_ConstructifyTests.framework in Frameworks */ = {isa = PBXBuildFile; fileRef = 9040FEE927FF52C1213135F4 /* Pods_ConstructifyTests.framework */; };
		7E33323879DE557C269753E7 /* Pods_ConstructifyUITests.framework in Frameworks */ = {isa = PBXBuildFile; fileRef = 3B6126E537317C3AB926B3E5 /* Pods_ConstructifyUITests.framework */; };
		AA942A9EFC89F3DBFD40D7B4 /* Pods_Constructify.framework in Frameworks */ = {isa = PBXBuildFile; fileRef = 5CAA17EC6074A782D2F1D21A /* Pods_Constructify.framework */; };
		B9394427233F097700ECAED1 /* AppDelegate.swift in Sources */ = {isa = PBXBuildFile; fileRef = B9394426233F097700ECAED1 /* AppDelegate.swift */; };
		B9394429233F097700ECAED1 /* SceneDelegate.swift in Sources */ = {isa = PBXBuildFile; fileRef = B9394428233F097700ECAED1 /* SceneDelegate.swift */; };
		B939442B233F097700ECAED1 /* LoginViewController.swift in Sources */ = {isa = PBXBuildFile; fileRef = B939442A233F097700ECAED1 /* LoginViewController.swift */; };
		B939442E233F097700ECAED1 /* Main.storyboard in Resources */ = {isa = PBXBuildFile; fileRef = B939442C233F097700ECAED1 /* Main.storyboard */; };
		B9394430233F097700ECAED1 /* Assets.xcassets in Resources */ = {isa = PBXBuildFile; fileRef = B939442F233F097700ECAED1 /* Assets.xcassets */; };
		B9394433233F097700ECAED1 /* LaunchScreen.storyboard in Resources */ = {isa = PBXBuildFile; fileRef = B9394431233F097700ECAED1 /* LaunchScreen.storyboard */; };
		B939443E233F097700ECAED1 /* ConstructifyTests.swift in Sources */ = {isa = PBXBuildFile; fileRef = B939443D233F097700ECAED1 /* ConstructifyTests.swift */; };
		B9394449233F097700ECAED1 /* ConstructifyUITests.swift in Sources */ = {isa = PBXBuildFile; fileRef = B9394448233F097700ECAED1 /* ConstructifyUITests.swift */; };
/* End PBXBuildFile section */

/* Begin PBXContainerItemProxy section */
		B939443A233F097700ECAED1 /* PBXContainerItemProxy */ = {
			isa = PBXContainerItemProxy;
			containerPortal = B939441B233F097700ECAED1 /* Project object */;
			proxyType = 1;
			remoteGlobalIDString = B9394422233F097700ECAED1;
			remoteInfo = Constructify;
		};
		B9394445233F097700ECAED1 /* PBXContainerItemProxy */ = {
			isa = PBXContainerItemProxy;
			containerPortal = B939441B233F097700ECAED1 /* Project object */;
			proxyType = 1;
			remoteGlobalIDString = B9394422233F097700ECAED1;
			remoteInfo = Constructify;
		};
/* End PBXContainerItemProxy section */

/* Begin PBXFileReference section */
		1767BDA2B84EF87BFEAD8336 /* Pods-Constructify.release.xcconfig */ = {isa = PBXFileReference; includeInIndex = 1; lastKnownFileType = text.xcconfig; name = "Pods-Constructify.release.xcconfig"; path = "Target Support Files/Pods-Constructify/Pods-Constructify.release.xcconfig"; sourceTree = "<group>"; };
		2116534EED57AFBC72D8CACF /* Pods-ConstructifyTests.release.xcconfig */ = {isa = PBXFileReference; includeInIndex = 1; lastKnownFileType = text.xcconfig; name = "Pods-ConstructifyTests.release.xcconfig"; path = "Target Support Files/Pods-ConstructifyTests/Pods-ConstructifyTests.release.xcconfig"; sourceTree = "<group>"; };
		3B6126E537317C3AB926B3E5 /* Pods_ConstructifyUITests.framework */ = {isa = PBXFileReference; explicitFileType = wrapper.framework; includeInIndex = 0; path = Pods_ConstructifyUITests.framework; sourceTree = BUILT_PRODUCTS_DIR; };
		5CAA17EC6074A782D2F1D21A /* Pods_Constructify.framework */ = {isa = PBXFileReference; explicitFileType = wrapper.framework; includeInIndex = 0; path = Pods_Constructify.framework; sourceTree = BUILT_PRODUCTS_DIR; };
		9040FEE927FF52C1213135F4 /* Pods_ConstructifyTests.framework */ = {isa = PBXFileReference; explicitFileType = wrapper.framework; includeInIndex = 0; path = Pods_ConstructifyTests.framework; sourceTree = BUILT_PRODUCTS_DIR; };
		98E35C7586A7A463B539B619 /* Pods-ConstructifyTests.debug.xcconfig */ = {isa = PBXFileReference; includeInIndex = 1; lastKnownFileType = text.xcconfig; name = "Pods-ConstructifyTests.debug.xcconfig"; path = "Target Support Files/Pods-ConstructifyTests/Pods-ConstructifyTests.debug.xcconfig"; sourceTree = "<group>"; };
		B9394423233F097700ECAED1 /* Constructify.app */ = {isa = PBXFileReference; explicitFileType = wrapper.application; includeInIndex = 0; path = Constructify.app; sourceTree = BUILT_PRODUCTS_DIR; };
		B9394426233F097700ECAED1 /* AppDelegate.swift */ = {isa = PBXFileReference; lastKnownFileType = sourcecode.swift; path = AppDelegate.swift; sourceTree = "<group>"; };
		B9394428233F097700ECAED1 /* SceneDelegate.swift */ = {isa = PBXFileReference; lastKnownFileType = sourcecode.swift; path = SceneDelegate.swift; sourceTree = "<group>"; };
		B939442A233F097700ECAED1 /* LoginViewController.swift */ = {isa = PBXFileReference; lastKnownFileType = sourcecode.swift; path = LoginViewController.swift; sourceTree = "<group>"; };
		B939442D233F097700ECAED1 /* Base */ = {isa = PBXFileReference; lastKnownFileType = file.storyboard; name = Base; path = Base.lproj/Main.storyboard; sourceTree = "<group>"; };
		B939442F233F097700ECAED1 /* Assets.xcassets */ = {isa = PBXFileReference; lastKnownFileType = folder.assetcatalog; path = Assets.xcassets; sourceTree = "<group>"; };
		B9394432233F097700ECAED1 /* Base */ = {isa = PBXFileReference; lastKnownFileType = file.storyboard; name = Base; path = Base.lproj/LaunchScreen.storyboard; sourceTree = "<group>"; };
		B9394434233F097700ECAED1 /* Info.plist */ = {isa = PBXFileReference; lastKnownFileType = text.plist.xml; path = Info.plist; sourceTree = "<group>"; };
		B9394439233F097700ECAED1 /* ConstructifyTests.xctest */ = {isa = PBXFileReference; explicitFileType = wrapper.cfbundle; includeInIndex = 0; path = ConstructifyTests.xctest; sourceTree = BUILT_PRODUCTS_DIR; };
		B939443D233F097700ECAED1 /* ConstructifyTests.swift */ = {isa = PBXFileReference; lastKnownFileType = sourcecode.swift; path = ConstructifyTests.swift; sourceTree = "<group>"; };
		B939443F233F097700ECAED1 /* Info.plist */ = {isa = PBXFileReference; lastKnownFileType = text.plist.xml; path = Info.plist; sourceTree = "<group>"; };
		B9394444233F097700ECAED1 /* ConstructifyUITests.xctest */ = {isa = PBXFileReference; explicitFileType = wrapper.cfbundle; includeInIndex = 0; path = ConstructifyUITests.xctest; sourceTree = BUILT_PRODUCTS_DIR; };
		B9394448233F097700ECAED1 /* ConstructifyUITests.swift */ = {isa = PBXFileReference; lastKnownFileType = sourcecode.swift; path = ConstructifyUITests.swift; sourceTree = "<group>"; };
		B939444A233F097700ECAED1 /* Info.plist */ = {isa = PBXFileReference; lastKnownFileType = text.plist.xml; path = Info.plist; sourceTree = "<group>"; };
		BFA07B640DFB2B6923FA9A28 /* Pods-ConstructifyUITests.release.xcconfig */ = {isa = PBXFileReference; includeInIndex = 1; lastKnownFileType = text.xcconfig; name = "Pods-ConstructifyUITests.release.xcconfig"; path = "Target Support Files/Pods-ConstructifyUITests/Pods-ConstructifyUITests.release.xcconfig"; sourceTree = "<group>"; };
		C5CE409EF9157E5D89F83DBF /* Pods-ConstructifyUITests.debug.xcconfig */ = {isa = PBXFileReference; includeInIndex = 1; lastKnownFileType = text.xcconfig; name = "Pods-ConstructifyUITests.debug.xcconfig"; path = "Target Support Files/Pods-ConstructifyUITests/Pods-ConstructifyUITests.debug.xcconfig"; sourceTree = "<group>"; };
		E0A5A7EB850E1C39201ADEDA /* Pods-Constructify.debug.xcconfig */ = {isa = PBXFileReference; includeInIndex = 1; lastKnownFileType = text.xcconfig; name = "Pods-Constructify.debug.xcconfig"; path = "Target Support Files/Pods-Constructify/Pods-Constructify.debug.xcconfig"; sourceTree = "<group>"; };
/* End PBXFileReference section */

/* Begin PBXFrameworksBuildPhase section */
		B9394420233F097700ECAED1 /* Frameworks */ = {
			isa = PBXFrameworksBuildPhase;
			buildActionMask = 2147483647;
			files = (
				AA942A9EFC89F3DBFD40D7B4 /* Pods_Constructify.framework in Frameworks */,
			);
			runOnlyForDeploymentPostprocessing = 0;
		};
		B9394436233F097700ECAED1 /* Frameworks */ = {
			isa = PBXFrameworksBuildPhase;
			buildActionMask = 2147483647;
			files = (
				73BA385264500C2196708098 /* Pods_ConstructifyTests.framework in Frameworks */,
			);
			runOnlyForDeploymentPostprocessing = 0;
		};
		B9394441233F097700ECAED1 /* Frameworks */ = {
			isa = PBXFrameworksBuildPhase;
			buildActionMask = 2147483647;
			files = (
				7E33323879DE557C269753E7 /* Pods_ConstructifyUITests.framework in Frameworks */,
			);
			runOnlyForDeploymentPostprocessing = 0;
		};
/* End PBXFrameworksBuildPhase section */

/* Begin PBXGroup section */
		186F920A1BA7C3A04F9E5103 /* Frameworks */ = {
			isa = PBXGroup;
			children = (
				5CAA17EC6074A782D2F1D21A /* Pods_Constructify.framework */,
				9040FEE927FF52C1213135F4 /* Pods_ConstructifyTests.framework */,
				3B6126E537317C3AB926B3E5 /* Pods_ConstructifyUITests.framework */,
			);
			name = Frameworks;
			sourceTree = "<group>";
		};
		B939441A233F097700ECAED1 = {
			isa = PBXGroup;
			children = (
				B9394425233F097700ECAED1 /* Constructify */,
				B939443C233F097700ECAED1 /* ConstructifyTests */,
				B9394447233F097700ECAED1 /* ConstructifyUITests */,
				B9394424233F097700ECAED1 /* Products */,
				F39B62FC8A9C2EEC5E80E744 /* Pods */,
				186F920A1BA7C3A04F9E5103 /* Frameworks */,
			);
			sourceTree = "<group>";
		};
		B9394424233F097700ECAED1 /* Products */ = {
			isa = PBXGroup;
			children = (
				B9394423233F097700ECAED1 /* Constructify.app */,
				B9394439233F097700ECAED1 /* ConstructifyTests.xctest */,
				B9394444233F097700ECAED1 /* ConstructifyUITests.xctest */,
			);
			name = Products;
			sourceTree = "<group>";
		};
		B9394425233F097700ECAED1 /* Constructify */ = {
			isa = PBXGroup;
			children = (
				B9394426233F097700ECAED1 /* AppDelegate.swift */,
				B9394428233F097700ECAED1 /* SceneDelegate.swift */,
				B939442A233F097700ECAED1 /* LoginViewController.swift */,
				B939442C233F097700ECAED1 /* Main.storyboard */,
				B939442F233F097700ECAED1 /* Assets.xcassets */,
				B9394431233F097700ECAED1 /* LaunchScreen.storyboard */,
				B9394434233F097700ECAED1 /* Info.plist */,
			);
			path = Constructify;
			sourceTree = "<group>";
		};
		B939443C233F097700ECAED1 /* ConstructifyTests */ = {
			isa = PBXGroup;
			children = (
				B939443D233F097700ECAED1 /* ConstructifyTests.swift */,
				B939443F233F097700ECAED1 /* Info.plist */,
			);
			path = ConstructifyTests;
			sourceTree = "<group>";
		};
		B9394447233F097700ECAED1 /* ConstructifyUITests */ = {
			isa = PBXGroup;
			children = (
				B9394448233F097700ECAED1 /* ConstructifyUITests.swift */,
				B939444A233F097700ECAED1 /* Info.plist */,
			);
			path = ConstructifyUITests;
			sourceTree = "<group>";
		};
		F39B62FC8A9C2EEC5E80E744 /* Pods */ = {
			isa = PBXGroup;
			children = (
				E0A5A7EB850E1C39201ADEDA /* Pods-Constructify.debug.xcconfig */,
				1767BDA2B84EF87BFEAD8336 /* Pods-Constructify.release.xcconfig */,
				98E35C7586A7A463B539B619 /* Pods-ConstructifyTests.debug.xcconfig */,
				2116534EED57AFBC72D8CACF /* Pods-ConstructifyTests.release.xcconfig */,
				C5CE409EF9157E5D89F83DBF /* Pods-ConstructifyUITests.debug.xcconfig */,
				BFA07B640DFB2B6923FA9A28 /* Pods-ConstructifyUITests.release.xcconfig */,
			);
			path = Pods;
			sourceTree = "<group>";
		};
/* End PBXGroup section */

/* Begin PBXNativeTarget section */
		B9394422233F097700ECAED1 /* Constructify */ = {
			isa = PBXNativeTarget;
			buildConfigurationList = B939444D233F097700ECAED1 /* Build configuration list for PBXNativeTarget "Constructify" */;
			buildPhases = (
				5A8B38F1187E9E6E62BECD1F /* [CP] Check Pods Manifest.lock */,
				B939441F233F097700ECAED1 /* Sources */,
				B9394420233F097700ECAED1 /* Frameworks */,
				B9394421233F097700ECAED1 /* Resources */,
				56D122239E207E45EE784010 /* [CP] Embed Pods Frameworks */,
			);
			buildRules = (
			);
			dependencies = (
			);
			name = Constructify;
			productName = Constructify;
			productReference = B9394423233F097700ECAED1 /* Constructify.app */;
			productType = "com.apple.product-type.application";
		};
		B9394438233F097700ECAED1 /* ConstructifyTests */ = {
			isa = PBXNativeTarget;
			buildConfigurationList = B9394450233F097700ECAED1 /* Build configuration list for PBXNativeTarget "ConstructifyTests" */;
			buildPhases = (
				113C38B4E563F5326170E356 /* [CP] Check Pods Manifest.lock */,
				B9394435233F097700ECAED1 /* Sources */,
				B9394436233F097700ECAED1 /* Frameworks */,
				B9394437233F097700ECAED1 /* Resources */,
			);
			buildRules = (
			);
			dependencies = (
				B939443B233F097700ECAED1 /* PBXTargetDependency */,
			);
			name = ConstructifyTests;
			productName = ConstructifyTests;
			productReference = B9394439233F097700ECAED1 /* ConstructifyTests.xctest */;
			productType = "com.apple.product-type.bundle.unit-test";
		};
		B9394443233F097700ECAED1 /* ConstructifyUITests */ = {
			isa = PBXNativeTarget;
			buildConfigurationList = B9394453233F097700ECAED1 /* Build configuration list for PBXNativeTarget "ConstructifyUITests" */;
			buildPhases = (
				CA080FC59704872AB2F313C0 /* [CP] Check Pods Manifest.lock */,
				B9394440233F097700ECAED1 /* Sources */,
				B9394441233F097700ECAED1 /* Frameworks */,
				B9394442233F097700ECAED1 /* Resources */,
			);
			buildRules = (
			);
			dependencies = (
				B9394446233F097700ECAED1 /* PBXTargetDependency */,
			);
			name = ConstructifyUITests;
			productName = ConstructifyUITests;
			productReference = B9394444233F097700ECAED1 /* ConstructifyUITests.xctest */;
			productType = "com.apple.product-type.bundle.ui-testing";
		};
/* End PBXNativeTarget section */

/* Begin PBXProject section */
		B939441B233F097700ECAED1 /* Project object */ = {
			isa = PBXProject;
			attributes = {
				LastSwiftUpdateCheck = 1100;
				LastUpgradeCheck = 1100;
				ORGANIZATIONNAME = "Earth Maniebo";
				TargetAttributes = {
					B9394422233F097700ECAED1 = {
						CreatedOnToolsVersion = 11.0;
					};
					B9394438233F097700ECAED1 = {
						CreatedOnToolsVersion = 11.0;
						TestTargetID = B9394422233F097700ECAED1;
					};
					B9394443233F097700ECAED1 = {
						CreatedOnToolsVersion = 11.0;
						TestTargetID = B9394422233F097700ECAED1;
					};
				};
			};
			buildConfigurationList = B939441E233F097700ECAED1 /* Build configuration list for PBXProject "Constructify" */;
			compatibilityVersion = "Xcode 9.3";
			developmentRegion = en;
			hasScannedForEncodings = 0;
			knownRegions = (
				en,
				Base,
			);
			mainGroup = B939441A233F097700ECAED1;
			productRefGroup = B9394424233F097700ECAED1 /* Products */;
			projectDirPath = "";
			projectRoot = "";
			targets = (
				B9394422233F097700ECAED1 /* Constructify */,
				B9394438233F097700ECAED1 /* ConstructifyTests */,
				B9394443233F097700ECAED1 /* ConstructifyUITests */,
			);
		};
/* End PBXProject section */

/* Begin PBXResourcesBuildPhase section */
		B9394421233F097700ECAED1 /* Resources */ = {
			isa = PBXResourcesBuildPhase;
			buildActionMask = 2147483647;
			files = (
				B9394433233F097700ECAED1 /* LaunchScreen.storyboard in Resources */,
				B9394430233F097700ECAED1 /* Assets.xcassets in Resources */,
				B939442E233F097700ECAED1 /* Main.storyboard in Resources */,
			);
			runOnlyForDeploymentPostprocessing = 0;
		};
		B9394437233F097700ECAED1 /* Resources */ = {
			isa = PBXResourcesBuildPhase;
			buildActionMask = 2147483647;
			files = (
			);
			runOnlyForDeploymentPostprocessing = 0;
		};
		B9394442233F097700ECAED1 /* Resources */ = {
			isa = PBXResourcesBuildPhase;
			buildActionMask = 2147483647;
			files = (
			);
			runOnlyForDeploymentPostprocessing = 0;
		};
/* End PBXResourcesBuildPhase section */

/* Begin PBXShellScriptBuildPhase section */
		113C38B4E563F5326170E356 /* [CP] Check Pods Manifest.lock */ = {
			isa = PBXShellScriptBuildPhase;
			buildActionMask = 2147483647;
			files = (
			);
			inputFileListPaths = (
			);
			inputPaths = (
				"${PODS_PODFILE_DIR_PATH}/Podfile.lock",
				"${PODS_ROOT}/Manifest.lock",
			);
			name = "[CP] Check Pods Manifest.lock";
			outputFileListPaths = (
			);
			outputPaths = (
				"$(DERIVED_FILE_DIR)/Pods-ConstructifyTests-checkManifestLockResult.txt",
			);
			runOnlyForDeploymentPostprocessing = 0;
			shellPath = /bin/sh;
			shellScript = "diff \"${PODS_PODFILE_DIR_PATH}/Podfile.lock\" \"${PODS_ROOT}/Manifest.lock\" > /dev/null\nif [ $? != 0 ] ; then\n    # print error to STDERR\n    echo \"error: The sandbox is not in sync with the Podfile.lock. Run 'pod install' or update your CocoaPods installation.\" >&2\n    exit 1\nfi\n# This output is used by Xcode 'outputs' to avoid re-running this script phase.\necho \"SUCCESS\" > \"${SCRIPT_OUTPUT_FILE_0}\"\n";
			showEnvVarsInLog = 0;
		};
		56D122239E207E45EE784010 /* [CP] Embed Pods Frameworks */ = {
			isa = PBXShellScriptBuildPhase;
			buildActionMask = 2147483647;
			files = (
			);
			inputFileListPaths = (
				"${PODS_ROOT}/Target Support Files/Pods-Constructify/Pods-Constructify-frameworks-${CONFIGURATION}-input-files.xcfilelist",
			);
			name = "[CP] Embed Pods Frameworks";
			outputFileListPaths = (
				"${PODS_ROOT}/Target Support Files/Pods-Constructify/Pods-Constructify-frameworks-${CONFIGURATION}-output-files.xcfilelist",
			);
			runOnlyForDeploymentPostprocessing = 0;
			shellPath = /bin/sh;
			shellScript = "\"${PODS_ROOT}/Target Support Files/Pods-Constructify/Pods-Constructify-frameworks.sh\"\n";
			showEnvVarsInLog = 0;
		};
		5A8B38F1187E9E6E62BECD1F /* [CP] Check Pods Manifest.lock */ = {
			isa = PBXShellScriptBuildPhase;
			buildActionMask = 2147483647;
			files = (
			);
			inputFileListPaths = (
			);
			inputPaths = (
				"${PODS_PODFILE_DIR_PATH}/Podfile.lock",
				"${PODS_ROOT}/Manifest.lock",
			);
			name = "[CP] Check Pods Manifest.lock";
			outputFileListPaths = (
			);
			outputPaths = (
				"$(DERIVED_FILE_DIR)/Pods-Constructify-checkManifestLockResult.txt",
			);
			runOnlyForDeploymentPostprocessing = 0;
			shellPath = /bin/sh;
			shellScript = "diff \"${PODS_PODFILE_DIR_PATH}/Podfile.lock\" \"${PODS_ROOT}/Manifest.lock\" > /dev/null\nif [ $? != 0 ] ; then\n    # print error to STDERR\n    echo \"error: The sandbox is not in sync with the Podfile.lock. Run 'pod install' or update your CocoaPods installation.\" >&2\n    exit 1\nfi\n# This output is used by Xcode 'outputs' to avoid re-running this script phase.\necho \"SUCCESS\" > \"${SCRIPT_OUTPUT_FILE_0}\"\n";
			showEnvVarsInLog = 0;
		};
		CA080FC59704872AB2F313C0 /* [CP] Check Pods Manifest.lock */ = {
			isa = PBXShellScriptBuildPhase;
			buildActionMask = 2147483647;
			files = (
			);
			inputFileListPaths = (
			);
			inputPaths = (
				"${PODS_PODFILE_DIR_PATH}/Podfile.lock",
				"${PODS_ROOT}/Manifest.lock",
			);
			name = "[CP] Check Pods Manifest.lock";
			outputFileListPaths = (
			);
			outputPaths = (
				"$(DERIVED_FILE_DIR)/Pods-ConstructifyUITests-checkManifestLockResult.txt",
			);
			runOnlyForDeploymentPostprocessing = 0;
			shellPath = /bin/sh;
			shellScript = "diff \"${PODS_PODFILE_DIR_PATH}/Podfile.lock\" \"${PODS_ROOT}/Manifest.lock\" > /dev/null\nif [ $? != 0 ] ; then\n    # print error to STDERR\n    echo \"error: The sandbox is not in sync with the Podfile.lock. Run 'pod install' or update your CocoaPods installation.\" >&2\n    exit 1\nfi\n# This output is used by Xcode 'outputs' to avoid re-running this script phase.\necho \"SUCCESS\" > \"${SCRIPT_OUTPUT_FILE_0}\"\n";
			showEnvVarsInLog = 0;
		};
/* End PBXShellScriptBuildPhase section */

/* Begin PBXSourcesBuildPhase section */
		B939441F233F097700ECAED1 /* Sources */ = {
			isa = PBXSourcesBuildPhase;
			buildActionMask = 2147483647;
			files = (
				B939442B233F097700ECAED1 /* LoginViewController.swift in Sources */,
				B9394427233F097700ECAED1 /* AppDelegate.swift in Sources */,
				B9394429233F097700ECAED1 /* SceneDelegate.swift in Sources */,
			);
			runOnlyForDeploymentPostprocessing = 0;
		};
		B9394435233F097700ECAED1 /* Sources */ = {
			isa = PBXSourcesBuildPhase;
			buildActionMask = 2147483647;
			files = (
				B939443E233F097700ECAED1 /* ConstructifyTests.swift in Sources */,
			);
			runOnlyForDeploymentPostprocessing = 0;
		};
		B9394440233F097700ECAED1 /* Sources */ = {
			isa = PBXSourcesBuildPhase;
			buildActionMask = 2147483647;
			files = (
				B9394449233F097700ECAED1 /* ConstructifyUITests.swift in Sources */,
			);
			runOnlyForDeploymentPostprocessing = 0;
		};
/* End PBXSourcesBuildPhase section */

/* Begin PBXTargetDependency section */
		B939443B233F097700ECAED1 /* PBXTargetDependency */ = {
			isa = PBXTargetDependency;
			target = B9394422233F097700ECAED1 /* Constructify */;
			targetProxy = B939443A233F097700ECAED1 /* PBXContainerItemProxy */;
		};
		B9394446233F097700ECAED1 /* PBXTargetDependency */ = {
			isa = PBXTargetDependency;
			target = B9394422233F097700ECAED1 /* Constructify */;
			targetProxy = B9394445233F097700ECAED1 /* PBXContainerItemProxy */;
		};
/* End PBXTargetDependency section */

/* Begin PBXVariantGroup section */
		B939442C233F097700ECAED1 /* Main.storyboard */ = {
			isa = PBXVariantGroup;
			children = (
				B939442D233F097700ECAED1 /* Base */,
			);
			name = Main.storyboard;
			sourceTree = "<group>";
		};
		B9394431233F097700ECAED1 /* LaunchScreen.storyboard */ = {
			isa = PBXVariantGroup;
			children = (
				B9394432233F097700ECAED1 /* Base */,
			);
			name = LaunchScreen.storyboard;
			sourceTree = "<group>";
		};
/* End PBXVariantGroup section */

/* Begin XCBuildConfiguration section */
		B939444B233F097700ECAED1 /* Debug */ = {
			isa = XCBuildConfiguration;
			buildSettings = {
				ALWAYS_SEARCH_USER_PATHS = NO;
				CLANG_ANALYZER_NONNULL = YES;
				CLANG_ANALYZER_NUMBER_OBJECT_CONVERSION = YES_AGGRESSIVE;
				CLANG_CXX_LANGUAGE_STANDARD = "gnu++14";
				CLANG_CXX_LIBRARY = "libc++";
				CLANG_ENABLE_MODULES = YES;
				CLANG_ENABLE_OBJC_ARC = YES;
				CLANG_ENABLE_OBJC_WEAK = YES;
				CLANG_WARN_BLOCK_CAPTURE_AUTORELEASING = YES;
				CLANG_WARN_BOOL_CONVERSION = YES;
				CLANG_WARN_COMMA = YES;
				CLANG_WARN_CONSTANT_CONVERSION = YES;
				CLANG_WARN_DEPRECATED_OBJC_IMPLEMENTATIONS = YES;
				CLANG_WARN_DIRECT_OBJC_ISA_USAGE = YES_ERROR;
				CLANG_WARN_DOCUMENTATION_COMMENTS = YES;
				CLANG_WARN_EMPTY_BODY = YES;
				CLANG_WARN_ENUM_CONVERSION = YES;
				CLANG_WARN_INFINITE_RECURSION = YES;
				CLANG_WARN_INT_CONVERSION = YES;
				CLANG_WARN_NON_LITERAL_NULL_CONVERSION = YES;
				CLANG_WARN_OBJC_IMPLICIT_RETAIN_SELF = YES;
				CLANG_WARN_OBJC_LITERAL_CONVERSION = YES;
				CLANG_WARN_OBJC_ROOT_CLASS = YES_ERROR;
				CLANG_WARN_RANGE_LOOP_ANALYSIS = YES;
				CLANG_WARN_STRICT_PROTOTYPES = YES;
				CLANG_WARN_SUSPICIOUS_MOVE = YES;
				CLANG_WARN_UNGUARDED_AVAILABILITY = YES_AGGRESSIVE;
				CLANG_WARN_UNREACHABLE_CODE = YES;
				CLANG_WARN__DUPLICATE_METHOD_MATCH = YES;
				COPY_PHASE_STRIP = NO;
				DEBUG_INFORMATION_FORMAT = dwarf;
				ENABLE_STRICT_OBJC_MSGSEND = YES;
				ENABLE_TESTABILITY = YES;
				GCC_C_LANGUAGE_STANDARD = gnu11;
				GCC_DYNAMIC_NO_PIC = NO;
				GCC_NO_COMMON_BLOCKS = YES;
				GCC_OPTIMIZATION_LEVEL = 0;
				GCC_PREPROCESSOR_DEFINITIONS = (
					"DEBUG=1",
					"$(inherited)",
				);
				GCC_WARN_64_TO_32_BIT_CONVERSION = YES;
				GCC_WARN_ABOUT_RETURN_TYPE = YES_ERROR;
				GCC_WARN_UNDECLARED_SELECTOR = YES;
				GCC_WARN_UNINITIALIZED_AUTOS = YES_AGGRESSIVE;
				GCC_WARN_UNUSED_FUNCTION = YES;
				GCC_WARN_UNUSED_VARIABLE = YES;
				IPHONEOS_DEPLOYMENT_TARGET = 13.0;
				MTL_ENABLE_DEBUG_INFO = INCLUDE_SOURCE;
				MTL_FAST_MATH = YES;
				ONLY_ACTIVE_ARCH = YES;
				SDKROOT = iphoneos;
				SWIFT_ACTIVE_COMPILATION_CONDITIONS = DEBUG;
				SWIFT_OPTIMIZATION_LEVEL = "-Onone";
			};
			name = Debug;
		};
		B939444C233F097700ECAED1 /* Release */ = {
			isa = XCBuildConfiguration;
			buildSettings = {
				ALWAYS_SEARCH_USER_PATHS = NO;
				CLANG_ANALYZER_NONNULL = YES;
				CLANG_ANALYZER_NUMBER_OBJECT_CONVERSION = YES_AGGRESSIVE;
				CLANG_CXX_LANGUAGE_STANDARD = "gnu++14";
				CLANG_CXX_LIBRARY = "libc++";
				CLANG_ENABLE_MODULES = YES;
				CLANG_ENABLE_OBJC_ARC = YES;
				CLANG_ENABLE_OBJC_WEAK = YES;
				CLANG_WARN_BLOCK_CAPTURE_AUTORELEASING = YES;
				CLANG_WARN_BOOL_CONVERSION = YES;
				CLANG_WARN_COMMA = YES;
				CLANG_WARN_CONSTANT_CONVERSION = YES;
				CLANG_WARN_DEPRECATED_OBJC_IMPLEMENTATIONS = YES;
				CLANG_WARN_DIRECT_OBJC_ISA_USAGE = YES_ERROR;
				CLANG_WARN_DOCUMENTATION_COMMENTS = YES;
				CLANG_WARN_EMPTY_BODY = YES;
				CLANG_WARN_ENUM_CONVERSION = YES;
				CLANG_WARN_INFINITE_RECURSION = YES;
				CLANG_WARN_INT_CONVERSION = YES;
				CLANG_WARN_NON_LITERAL_NULL_CONVERSION = YES;
				CLANG_WARN_OBJC_IMPLICIT_RETAIN_SELF = YES;
				CLANG_WARN_OBJC_LITERAL_CONVERSION = YES;
				CLANG_WARN_OBJC_ROOT_CLASS = YES_ERROR;
				CLANG_WARN_RANGE_LOOP_ANALYSIS = YES;
				CLANG_WARN_STRICT_PROTOTYPES = YES;
				CLANG_WARN_SUSPICIOUS_MOVE = YES;
				CLANG_WARN_UNGUARDED_AVAILABILITY = YES_AGGRESSIVE;
				CLANG_WARN_UNREACHABLE_CODE = YES;
				CLANG_WARN__DUPLICATE_METHOD_MATCH = YES;
				COPY_PHASE_STRIP = NO;
				DEBUG_INFORMATION_FORMAT = "dwarf-with-dsym";
				ENABLE_NS_ASSERTIONS = NO;
				ENABLE_STRICT_OBJC_MSGSEND = YES;
				GCC_C_LANGUAGE_STANDARD = gnu11;
				GCC_NO_COMMON_BLOCKS = YES;
				GCC_WARN_64_TO_32_BIT_CONVERSION = YES;
				GCC_WARN_ABOUT_RETURN_TYPE = YES_ERROR;
				GCC_WARN_UNDECLARED_SELECTOR = YES;
				GCC_WARN_UNINITIALIZED_AUTOS = YES_AGGRESSIVE;
				GCC_WARN_UNUSED_FUNCTION = YES;
				GCC_WARN_UNUSED_VARIABLE = YES;
				IPHONEOS_DEPLOYMENT_TARGET = 13.0;
				MTL_ENABLE_DEBUG_INFO = NO;
				MTL_FAST_MATH = YES;
				SDKROOT = iphoneos;
				SWIFT_COMPILATION_MODE = wholemodule;
				SWIFT_OPTIMIZATION_LEVEL = "-O";
				VALIDATE_PRODUCT = YES;
			};
			name = Release;
		};
		B939444E233F097700ECAED1 /* Debug */ = {
			isa = XCBuildConfiguration;
			baseConfigurationReference = E0A5A7EB850E1C39201ADEDA /* Pods-Constructify.debug.xcconfig */;
			buildSettings = {
				ASSETCATALOG_COMPILER_APPICON_NAME = AppIcon;
				CODE_SIGN_STYLE = Automatic;
				DEVELOPMENT_TEAM = 85ZHA47WTJ;
				INFOPLIST_FILE = Constructify/Info.plist;
				LD_RUNPATH_SEARCH_PATHS = (
					"$(inherited)",
					"@executable_path/Frameworks",
				);
				PRODUCT_BUNDLE_IDENTIFIER = com.earthmaniebo.Constructify;
				PRODUCT_NAME = "$(TARGET_NAME)";
				SWIFT_VERSION = 5.0;
				TARGETED_DEVICE_FAMILY = "1,2";
			};
			name = Debug;
		};
		B939444F233F097700ECAED1 /* Release */ = {
			isa = XCBuildConfiguration;
			baseConfigurationReference = 1767BDA2B84EF87BFEAD8336 /* Pods-Constructify.release.xcconfig */;
			buildSettings = {
				ASSETCATALOG_COMPILER_APPICON_NAME = AppIcon;
				CODE_SIGN_STYLE = Automatic;
				DEVELOPMENT_TEAM = 85ZHA47WTJ;
				INFOPLIST_FILE = Constructify/Info.plist;
				LD_RUNPATH_SEARCH_PATHS = (
					"$(inherited)",
					"@executable_path/Frameworks",
				);
				PRODUCT_BUNDLE_IDENTIFIER = com.earthmaniebo.Constructify;
				PRODUCT_NAME = "$(TARGET_NAME)";
				SWIFT_VERSION = 5.0;
				TARGETED_DEVICE_FAMILY = "1,2";
			};
			name = Release;
		};
		B9394451233F097700ECAED1 /* Debug */ = {
			isa = XCBuildConfiguration;
			baseConfigurationReference = 98E35C7586A7A463B539B619 /* Pods-ConstructifyTests.debug.xcconfig */;
			buildSettings = {
				ALWAYS_EMBED_SWIFT_STANDARD_LIBRARIES = YES;
				BUNDLE_LOADER = "$(TEST_HOST)";
				CODE_SIGN_STYLE = Automatic;
				DEVELOPMENT_TEAM = 85ZHA47WTJ;
				INFOPLIST_FILE = ConstructifyTests/Info.plist;
				IPHONEOS_DEPLOYMENT_TARGET = 13.0;
				LD_RUNPATH_SEARCH_PATHS = (
					"$(inherited)",
					"@executable_path/Frameworks",
					"@loader_path/Frameworks",
				);
				PRODUCT_BUNDLE_IDENTIFIER = com.earthmaniebo.ConstructifyTests;
				PRODUCT_NAME = "$(TARGET_NAME)";
				SWIFT_VERSION = 5.0;
				TARGETED_DEVICE_FAMILY = "1,2";
				TEST_HOST = "$(BUILT_PRODUCTS_DIR)/Constructify.app/Constructify";
			};
			name = Debug;
		};
		B9394452233F097700ECAED1 /* Release */ = {
			isa = XCBuildConfiguration;
			baseConfigurationReference = 2116534EED57AFBC72D8CACF /* Pods-ConstructifyTests.release.xcconfig */;
			buildSettings = {
				ALWAYS_EMBED_SWIFT_STANDARD_LIBRARIES = YES;
				BUNDLE_LOADER = "$(TEST_HOST)";
				CODE_SIGN_STYLE = Automatic;
				DEVELOPMENT_TEAM = 85ZHA47WTJ;
				INFOPLIST_FILE = ConstructifyTests/Info.plist;
				IPHONEOS_DEPLOYMENT_TARGET = 13.0;
				LD_RUNPATH_SEARCH_PATHS = (
					"$(inherited)",
					"@executable_path/Frameworks",
					"@loader_path/Frameworks",
				);
				PRODUCT_BUNDLE_IDENTIFIER = com.earthmaniebo.ConstructifyTests;
				PRODUCT_NAME = "$(TARGET_NAME)";
				SWIFT_VERSION = 5.0;
				TARGETED_DEVICE_FAMILY = "1,2";
				TEST_HOST = "$(BUILT_PRODUCTS_DIR)/Constructify.app/Constructify";
			};
			name = Release;
		};
		B9394454233F097700ECAED1 /* Debug */ = {
			isa = XCBuildConfiguration;
			baseConfigurationReference = C5CE409EF9157E5D89F83DBF /* Pods-ConstructifyUITests.debug.xcconfig */;
			buildSettings = {
				ALWAYS_EMBED_SWIFT_STANDARD_LIBRARIES = YES;
				CODE_SIGN_STYLE = Automatic;
				DEVELOPMENT_TEAM = 85ZHA47WTJ;
				INFOPLIST_FILE = ConstructifyUITests/Info.plist;
				LD_RUNPATH_SEARCH_PATHS = (
					"$(inherited)",
					"@executable_path/Frameworks",
					"@loader_path/Frameworks",
				);
				PRODUCT_BUNDLE_IDENTIFIER = com.earthmaniebo.ConstructifyUITests;
				PRODUCT_NAME = "$(TARGET_NAME)";
				SWIFT_VERSION = 5.0;
				TARGETED_DEVICE_FAMILY = "1,2";
				TEST_TARGET_NAME = Constructify;
			};
			name = Debug;
		};
		B9394455233F097700ECAED1 /* Release */ = {
			isa = XCBuildConfiguration;
			baseConfigurationReference = BFA07B640DFB2B6923FA9A28 /* Pods-ConstructifyUITests.release.xcconfig */;
			buildSettings = {
				ALWAYS_EMBED_SWIFT_STANDARD_LIBRARIES = YES;
				CODE_SIGN_STYLE = Automatic;
				DEVELOPMENT_TEAM = 85ZHA47WTJ;
				INFOPLIST_FILE = ConstructifyUITests/Info.plist;
				LD_RUNPATH_SEARCH_PATHS = (
					"$(inherited)",
					"@executable_path/Frameworks",
					"@loader_path/Frameworks",
				);
				PRODUCT_BUNDLE_IDENTIFIER = com.earthmaniebo.ConstructifyUITests;
				PRODUCT_NAME = "$(TARGET_NAME)";
				SWIFT_VERSION = 5.0;
				TARGETED_DEVICE_FAMILY = "1,2";
				TEST_TARGET_NAME = Constructify;
			};
			name = Release;
		};
/* End XCBuildConfiguration section */

/* Begin XCConfigurationList section */
		B939441E233F097700ECAED1 /* Build configuration list for PBXProject "Constructify" */ = {
			isa = XCConfigurationList;
			buildConfigurations = (
				B939444B233F097700ECAED1 /* Debug */,
				B939444C233F097700ECAED1 /* Release */,
			);
			defaultConfigurationIsVisible = 0;
			defaultConfigurationName = Release;
		};
		B939444D233F097700ECAED1 /* Build configuration list for PBXNativeTarget "Constructify" */ = {
			isa = XCConfigurationList;
			buildConfigurations = (
				B939444E233F097700ECAED1 /* Debug */,
				B939444F233F097700ECAED1 /* Release */,
			);
			defaultConfigurationIsVisible = 0;
			defaultConfigurationName = Release;
		};
		B9394450233F097700ECAED1 /* Build configuration list for PBXNativeTarget "ConstructifyTests" */ = {
			isa = XCConfigurationList;
			buildConfigurations = (
				B9394451233F097700ECAED1 /* Debug */,
				B9394452233F097700ECAED1 /* Release */,
			);
			defaultConfigurationIsVisible = 0;
			defaultConfigurationName = Release;
		};
		B9394453233F097700ECAED1 /* Build configuration list for PBXNativeTarget "ConstructifyUITests" */ = {
			isa = XCConfigurationList;
			buildConfigurations = (
				B9394454233F097700ECAED1 /* Debug */,
				B9394455233F097700ECAED1 /* Release */,
			);
			defaultConfigurationIsVisible = 0;
			defaultConfigurationName = Release;
		};
/* End XCConfigurationList section */
	};
	rootObject = B939441B233F097700ECAED1 /* Project object */;
}
