PODS:
  - Alamofire (4.8.2)
  - IQKeyboardManager (6.4.0)
  - Kingfisher (4.10.1)
  - M13ProgressSuite (1.2.9)
  - SwiftyJSON (5.0.0)

DEPENDENCIES:
  - Alamofire
  - IQKeyboardManager
  - Kingfisher (~> 4.0)
  - M13ProgressSuite
  - SwiftyJSON

SPEC REPOS:
  https://github.com/cocoapods/specs.git:
    - Alamofire
    - IQKeyboardManager
    - Kingfisher
    - M13ProgressSuite
    - SwiftyJSON

SPEC CHECKSUMS:
  Alamofire: ae5c501addb7afdbb13687d7f2f722c78734c2d3
  IQKeyboardManager: fcef267266379c003181fc3592f6bdb8bf4db839
  Kingfisher: c148cd7b47ebde9989f6bc7c27dcaa79d81279a0
  M13ProgressSuite: ea9f7263e73e9215e6849dfa54e29ee0ad6a145c
  SwiftyJSON: 36413e04c44ee145039d332b4f4e2d3e8d6c4db7

PODFILE CHECKSUM: a07749c5ce57ec35e5e29349efedbfc737fdb0a8

COCOAPODS: 1.7.5
